{
  "name": "react-hook-ts",
  "version": "0.1.0",
  "lockfileVersion": 1,
  "requires": true,
  "dependencies": {
    "cloudinary-core": {
      "version": "2.7.4",
      "resolved": "https://registry.npmjs.org/cloudinary-core/-/cloudinary-core-2.7.4.tgz",
      "integrity": "sha512-toaZSJVvpY1bQhqhin6atI1DPfloE/wOS9T6lriHsZVvdNyQu+c9AyNznM5/4NquI2oLr4G2gGgeX0tImnFUaQ=="
    },
    "cloudinary-react": {
      "version": "1.2.1",
      "resolved": "https://registry.npmjs.org/cloudinary-react/-/cloudinary-react-1.2.1.tgz",
      "integrity": "sha512-VQewBSHToPC8huKeDf5oaAiKyF/A/l8FsuPeuxAZH19U3lxWmEKx7HiicmsU4LuyZ7fEjdVD/9a8NjhQng2dFQ==",
      "requires": {
        "cloudinary-core": "^2.7.4",
        "prop-types": "^15.6.2"
      }
    },
    "js-tokens": {
      "version": "4.0.0",
      "resolved": "https://registry.npmjs.org/js-tokens/-/js-tokens-4.0.0.tgz",
      "integrity": "sha512-RdJUflcE3cUzKiMqQgsCu06FPu9UdIJO0beYbPhHN4k6apgJtifcoCtT9bcxOpYBtpD2kCM6Sbzg4CausW/PKQ=="
    },
    "loose-envify": {
      "version": "1.4.0",
      "resolved": "https://registry.npmjs.org/loose-envify/-/loose-envify-1.4.0.tgz",
      "integrity": "sha512-lyuxPGr/Wfhrlem2CL/UcnUc1zcqKAImBDzukY7Y5F/yQiNdko6+fRLevlw1HgMySw7f611UIY408EtxRSoK3Q==",
      "requires": {
        "js-tokens": "^3.0.0 || ^4.0.0"
      }
    },
    "object-assign": {
      "version": "4.1.1",
      "resolved": "https://registry.npmjs.org/object-assign/-/object-assign-4.1.1.tgz",
      "integrity": "sha1-IQmtx5ZYh8/AXLvUQsrIv7s2CGM="
    },
    "prop-types": {
      "version": "15.7.2",
      "resolved": "https://registry.npmjs.org/prop-types/-/prop-types-15.7.2.tgz",
      "integrity": "sha512-8QQikdH7//R2vurIJSutZ1smHYTcLpRWEOlHnzcWHmBYrOGUysKwSsrC89BCiFj3CbrfJ/nXFdJepOVrY1GCHQ==",
      "requires": {
        "loose-envify": "^1.4.0",
        "object-assign": "^4.1.1",
        "react-is": "^16.8.1"
      }
    },
    "react-is": {
      "version": "16.12.0",
      "resolved": "https://registry.npmjs.org/react-is/-/react-is-16.12.0.tgz",
      "integrity": "sha512-rPCkf/mWBtKc97aLL9/txD8DZdemK0vkA3JMLShjlJB3Pj3s+lpf1KaBzMfQrAmhMQB0n1cU/SUGgKKBCe837Q=="
    },
    "yarn": {
      "version": "1.19.1",
      "resolved": "https://registry.npmjs.org/yarn/-/yarn-1.19.1.tgz",
      "integrity": "sha512-gBnfbL9rYY05Gt0cjJhs/siqQXHYlZalTjK3nXn2QO20xbkIFPob+LlH44ML47GcR4VU9/2dYck1BWFM0Javxw=="
    }
  }
}
